// !$*UTF8*$!
{
	archiveVersion = 1;
	classes = {
	};
	objectVersion = 55;
	objects = {

/* Begin PBXBuildFile section */
		92295A7B28B5D2D20096F0E5 /* CodableColor.swift in Sources */ = {isa = PBXBuildFile; fileRef = 92295A7A28B5D2D10096F0E5 /* CodableColor.swift */; };
		922F620B28A971CC0078D87A /* SymbolPicker in Frameworks */ = {isa = PBXBuildFile; productRef = 922F620A28A971CC0078D87A /* SymbolPicker */; };
		9248050828A176CA00AD79C1 /* BudgetItem.swift in Sources */ = {isa = PBXBuildFile; fileRef = 9248050728A176CA00AD79C1 /* BudgetItem.swift */; };
		9248050A28A176D800AD79C1 /* BudgetStack.swift in Sources */ = {isa = PBXBuildFile; fileRef = 9248050928A176D800AD79C1 /* BudgetStack.swift */; };
		9286978929C5887E008DD845 /* BudgetFile.swift in Sources */ = {isa = PBXBuildFile; fileRef = 9286978829C5887E008DD845 /* BudgetFile.swift */; };
		92884FDD28A443AA0080E722 /* Extensions.swift in Sources */ = {isa = PBXBuildFile; fileRef = 92884FDC28A443AA0080E722 /* Extensions.swift */; };
		929EA48D29C8C6AF008D9853 /* BudgetList.swift in Sources */ = {isa = PBXBuildFile; fileRef = 929EA48C29C8C6AF008D9853 /* BudgetList.swift */; };
		92ABD56228A3432300D0DED2 /* Balance.swift in Sources */ = {isa = PBXBuildFile; fileRef = 92ABD56128A3432300D0DED2 /* Balance.swift */; };
		92F3610128A0D42E0076FB89 /* StacksApp.swift in Sources */ = {isa = PBXBuildFile; fileRef = 92F3610028A0D42E0076FB89 /* StacksApp.swift */; };
		92F3610328A0D42E0076FB89 /* ContentView.swift in Sources */ = {isa = PBXBuildFile; fileRef = 92F3610228A0D42E0076FB89 /* ContentView.swift */; };
		92F3610528A0D4320076FB89 /* Assets.xcassets in Resources */ = {isa = PBXBuildFile; fileRef = 92F3610428A0D4320076FB89 /* Assets.xcassets */; };
		92F3610828A0D4320076FB89 /* Preview Assets.xcassets in Resources */ = {isa = PBXBuildFile; fileRef = 92F3610728A0D4320076FB89 /* Preview Assets.xcassets */; };
		92F3611228A0D4330076FB89 /* StacksTests.swift in Sources */ = {isa = PBXBuildFile; fileRef = 92F3611128A0D4330076FB89 /* StacksTests.swift */; };
		92F3611C28A0D4330076FB89 /* StacksUITests.swift in Sources */ = {isa = PBXBuildFile; fileRef = 92F3611B28A0D4330076FB89 /* StacksUITests.swift */; };
		92F3611E28A0D4330076FB89 /* StacksUITestsLaunchTests.swift in Sources */ = {isa = PBXBuildFile; fileRef = 92F3611D28A0D4330076FB89 /* StacksUITestsLaunchTests.swift */; };
		92F3612B28A0DC840076FB89 /* Budget.swift in Sources */ = {isa = PBXBuildFile; fileRef = 92F3612A28A0DC840076FB89 /* Budget.swift */; };
/* End PBXBuildFile section */

/* Begin PBXContainerItemProxy section */
		92F3610E28A0D4330076FB89 /* PBXContainerItemProxy */ = {
			isa = PBXContainerItemProxy;
			containerPortal = 92F360F528A0D42E0076FB89 /* Project object */;
			proxyType = 1;
			remoteGlobalIDString = 92F360FC28A0D42E0076FB89;
			remoteInfo = Stacks;
		};
		92F3611828A0D4330076FB89 /* PBXContainerItemProxy */ = {
			isa = PBXContainerItemProxy;
			containerPortal = 92F360F528A0D42E0076FB89 /* Project object */;
			proxyType = 1;
			remoteGlobalIDString = 92F360FC28A0D42E0076FB89;
			remoteInfo = Stacks;
		};
/* End PBXContainerItemProxy section */

/* Begin PBXFileReference section */
		920B11AE28B01FE200175252 /* Stacks.entitlements */ = {isa = PBXFileReference; lastKnownFileType = text.plist.entitlements; path = Stacks.entitlements; sourceTree = "<group>"; };
		92295A7A28B5D2D10096F0E5 /* CodableColor.swift */ = {isa = PBXFileReference; fileEncoding = 4; lastKnownFileType = sourcecode.swift; path = CodableColor.swift; sourceTree = "<group>"; };
		9248050728A176CA00AD79C1 /* BudgetItem.swift */ = {isa = PBXFileReference; lastKnownFileType = sourcecode.swift; path = BudgetItem.swift; sourceTree = "<group>"; };
		9248050928A176D800AD79C1 /* BudgetStack.swift */ = {isa = PBXFileReference; lastKnownFileType = sourcecode.swift; path = BudgetStack.swift; sourceTree = "<group>"; };
		9286978729C5857E008DD845 /* Info.plist */ = {isa = PBXFileReference; lastKnownFileType = text.plist; path = Info.plist; sourceTree = "<group>"; };
		9286978829C5887E008DD845 /* BudgetFile.swift */ = {isa = PBXFileReference; lastKnownFileType = sourcecode.swift; path = BudgetFile.swift; sourceTree = "<group>"; };
		92884FDC28A443AA0080E722 /* Extensions.swift */ = {isa = PBXFileReference; lastKnownFileType = sourcecode.swift; path = Extensions.swift; sourceTree = "<group>"; };
		929EA48C29C8C6AF008D9853 /* BudgetList.swift */ = {isa = PBXFileReference; lastKnownFileType = sourcecode.swift; path = BudgetList.swift; sourceTree = "<group>"; };
		92ABD56128A3432300D0DED2 /* Balance.swift */ = {isa = PBXFileReference; lastKnownFileType = sourcecode.swift; path = Balance.swift; sourceTree = "<group>"; };
		92F360FD28A0D42E0076FB89 /* Stacks.app */ = {isa = PBXFileReference; explicitFileType = wrapper.application; includeInIndex = 0; path = Stacks.app; sourceTree = BUILT_PRODUCTS_DIR; };
		92F3610028A0D42E0076FB89 /* StacksApp.swift */ = {isa = PBXFileReference; lastKnownFileType = sourcecode.swift; path = StacksApp.swift; sourceTree = "<group>"; };
		92F3610228A0D42E0076FB89 /* ContentView.swift */ = {isa = PBXFileReference; lastKnownFileType = sourcecode.swift; path = ContentView.swift; sourceTree = "<group>"; };
		92F3610428A0D4320076FB89 /* Assets.xcassets */ = {isa = PBXFileReference; lastKnownFileType = folder.assetcatalog; path = Assets.xcassets; sourceTree = "<group>"; };
		92F3610728A0D4320076FB89 /* Preview Assets.xcassets */ = {isa = PBXFileReference; lastKnownFileType = folder.assetcatalog; path = "Preview Assets.xcassets"; sourceTree = "<group>"; };
		92F3610D28A0D4330076FB89 /* StacksTests.xctest */ = {isa = PBXFileReference; explicitFileType = wrapper.cfbundle; includeInIndex = 0; path = StacksTests.xctest; sourceTree = BUILT_PRODUCTS_DIR; };
		92F3611128A0D4330076FB89 /* StacksTests.swift */ = {isa = PBXFileReference; lastKnownFileType = sourcecode.swift; path = StacksTests.swift; sourceTree = "<group>"; };
		92F3611728A0D4330076FB89 /* StacksUITests.xctest */ = {isa = PBXFileReference; explicitFileType = wrapper.cfbundle; includeInIndex = 0; path = StacksUITests.xctest; sourceTree = BUILT_PRODUCTS_DIR; };
		92F3611B28A0D4330076FB89 /* StacksUITests.swift */ = {isa = PBXFileReference; lastKnownFileType = sourcecode.swift; path = StacksUITests.swift; sourceTree = "<group>"; };
		92F3611D28A0D4330076FB89 /* StacksUITestsLaunchTests.swift */ = {isa = PBXFileReference; lastKnownFileType = sourcecode.swift; path = StacksUITestsLaunchTests.swift; sourceTree = "<group>"; };
		92F3612A28A0DC840076FB89 /* Budget.swift */ = {isa = PBXFileReference; lastKnownFileType = sourcecode.swift; path = Budget.swift; sourceTree = "<group>"; };
/* End PBXFileReference section */

/* Begin PBXFrameworksBuildPhase section */
		92F360FA28A0D42E0076FB89 /* Frameworks */ = {
			isa = PBXFrameworksBuildPhase;
			buildActionMask = 2147483647;
			files = (
				922F620B28A971CC0078D87A /* SymbolPicker in Frameworks */,
			);
			runOnlyForDeploymentPostprocessing = 0;
		};
		92F3610A28A0D4330076FB89 /* Frameworks */ = {
			isa = PBXFrameworksBuildPhase;
			buildActionMask = 2147483647;
			files = (
			);
			runOnlyForDeploymentPostprocessing = 0;
		};
		92F3611428A0D4330076FB89 /* Frameworks */ = {
			isa = PBXFrameworksBuildPhase;
			buildActionMask = 2147483647;
			files = (
			);
			runOnlyForDeploymentPostprocessing = 0;
		};
/* End PBXFrameworksBuildPhase section */

/* Begin PBXGroup section */
		92F360F428A0D42E0076FB89 = {
			isa = PBXGroup;
			children = (
				92F360FF28A0D42E0076FB89 /* Stacks */,
				92F3611028A0D4330076FB89 /* StacksTests */,
				92F3611A28A0D4330076FB89 /* StacksUITests */,
				92F360FE28A0D42E0076FB89 /* Products */,
			);
			sourceTree = "<group>";
		};
		92F360FE28A0D42E0076FB89 /* Products */ = {
			isa = PBXGroup;
			children = (
				92F360FD28A0D42E0076FB89 /* Stacks.app */,
				92F3610D28A0D4330076FB89 /* StacksTests.xctest */,
				92F3611728A0D4330076FB89 /* StacksUITests.xctest */,
			);
			name = Products;
			sourceTree = "<group>";
		};
		92F360FF28A0D42E0076FB89 /* Stacks */ = {
			isa = PBXGroup;
			children = (
				9286978729C5857E008DD845 /* Info.plist */,
				920B11AE28B01FE200175252 /* Stacks.entitlements */,
				92F3610028A0D42E0076FB89 /* StacksApp.swift */,
				92F3610228A0D42E0076FB89 /* ContentView.swift */,
				92F3610428A0D4320076FB89 /* Assets.xcassets */,
				92F3610628A0D4320076FB89 /* Preview Content */,
				92F3612A28A0DC840076FB89 /* Budget.swift */,
				9248050728A176CA00AD79C1 /* BudgetItem.swift */,
				9248050928A176D800AD79C1 /* BudgetStack.swift */,
				92884FDC28A443AA0080E722 /* Extensions.swift */,
				92ABD56128A3432300D0DED2 /* Balance.swift */,
				92295A7A28B5D2D10096F0E5 /* CodableColor.swift */,
				9286978829C5887E008DD845 /* BudgetFile.swift */,
				929EA48C29C8C6AF008D9853 /* BudgetList.swift */,
			);
			path = Stacks;
			sourceTree = "<group>";
		};
		92F3610628A0D4320076FB89 /* Preview Content */ = {
			isa = PBXGroup;
			children = (
				92F3610728A0D4320076FB89 /* Preview Assets.xcassets */,
			);
			path = "Preview Content";
			sourceTree = "<group>";
		};
		92F3611028A0D4330076FB89 /* StacksTests */ = {
			isa = PBXGroup;
			children = (
				92F3611128A0D4330076FB89 /* StacksTests.swift */,
			);
			path = StacksTests;
			sourceTree = "<group>";
		};
		92F3611A28A0D4330076FB89 /* StacksUITests */ = {
			isa = PBXGroup;
			children = (
				92F3611B28A0D4330076FB89 /* StacksUITests.swift */,
				92F3611D28A0D4330076FB89 /* StacksUITestsLaunchTests.swift */,
			);
			path = StacksUITests;
			sourceTree = "<group>";
		};
/* End PBXGroup section */

/* Begin PBXNativeTarget section */
		92F360FC28A0D42E0076FB89 /* Stacks */ = {
			isa = PBXNativeTarget;
			buildConfigurationList = 92F3612128A0D4330076FB89 /* Build configuration list for PBXNativeTarget "Stacks" */;
			buildPhases = (
				92F360F928A0D42E0076FB89 /* Sources */,
				92F360FA28A0D42E0076FB89 /* Frameworks */,
				92F360FB28A0D42E0076FB89 /* Resources */,
			);
			buildRules = (
			);
			dependencies = (
			);
			name = Stacks;
			packageProductDependencies = (
				922F620A28A971CC0078D87A /* SymbolPicker */,
			);
			productName = Stacks;
			productReference = 92F360FD28A0D42E0076FB89 /* Stacks.app */;
			productType = "com.apple.product-type.application";
		};
		92F3610C28A0D4330076FB89 /* StacksTests */ = {
			isa = PBXNativeTarget;
			buildConfigurationList = 92F3612428A0D4330076FB89 /* Build configuration list for PBXNativeTarget "StacksTests" */;
			buildPhases = (
				92F3610928A0D4330076FB89 /* Sources */,
				92F3610A28A0D4330076FB89 /* Frameworks */,
				92F3610B28A0D4330076FB89 /* Resources */,
			);
			buildRules = (
			);
			dependencies = (
				92F3610F28A0D4330076FB89 /* PBXTargetDependency */,
			);
			name = StacksTests;
			productName = StacksTests;
			productReference = 92F3610D28A0D4330076FB89 /* StacksTests.xctest */;
			productType = "com.apple.product-type.bundle.unit-test";
		};
		92F3611628A0D4330076FB89 /* StacksUITests */ = {
			isa = PBXNativeTarget;
			buildConfigurationList = 92F3612728A0D4330076FB89 /* Build configuration list for PBXNativeTarget "StacksUITests" */;
			buildPhases = (
				92F3611328A0D4330076FB89 /* Sources */,
				92F3611428A0D4330076FB89 /* Frameworks */,
				92F3611528A0D4330076FB89 /* Resources */,
			);
			buildRules = (
			);
			dependencies = (
				92F3611928A0D4330076FB89 /* PBXTargetDependency */,
			);
			name = StacksUITests;
			productName = StacksUITests;
			productReference = 92F3611728A0D4330076FB89 /* StacksUITests.xctest */;
			productType = "com.apple.product-type.bundle.ui-testing";
		};
/* End PBXNativeTarget section */

/* Begin PBXProject section */
		92F360F528A0D42E0076FB89 /* Project object */ = {
			isa = PBXProject;
			attributes = {
				BuildIndependentTargetsInParallel = 1;
				LastSwiftUpdateCheck = 1340;
				LastUpgradeCheck = 1340;
				TargetAttributes = {
					92F360FC28A0D42E0076FB89 = {
						CreatedOnToolsVersion = 13.4.1;
					};
					92F3610C28A0D4330076FB89 = {
						CreatedOnToolsVersion = 13.4.1;
						TestTargetID = 92F360FC28A0D42E0076FB89;
					};
					92F3611628A0D4330076FB89 = {
						CreatedOnToolsVersion = 13.4.1;
						TestTargetID = 92F360FC28A0D42E0076FB89;
					};
				};
			};
			buildConfigurationList = 92F360F828A0D42E0076FB89 /* Build configuration list for PBXProject "Stacks" */;
			compatibilityVersion = "Xcode 13.0";
			developmentRegion = en;
			hasScannedForEncodings = 0;
			knownRegions = (
				en,
				Base,
			);
			mainGroup = 92F360F428A0D42E0076FB89;
			packageReferences = (
				922F620928A971CC0078D87A /* XCRemoteSwiftPackageReference "SymbolPicker" */,
			);
			productRefGroup = 92F360FE28A0D42E0076FB89 /* Products */;
			projectDirPath = "";
			projectRoot = "";
			targets = (
				92F360FC28A0D42E0076FB89 /* Stacks */,
				92F3610C28A0D4330076FB89 /* StacksTests */,
				92F3611628A0D4330076FB89 /* StacksUITests */,
			);
		};
/* End PBXProject section */

/* Begin PBXResourcesBuildPhase section */
		92F360FB28A0D42E0076FB89 /* Resources */ = {
			isa = PBXResourcesBuildPhase;
			buildActionMask = 2147483647;
			files = (
				92F3610828A0D4320076FB89 /* Preview Assets.xcassets in Resources */,
				92F3610528A0D4320076FB89 /* Assets.xcassets in Resources */,
			);
			runOnlyForDeploymentPostprocessing = 0;
		};
		92F3610B28A0D4330076FB89 /* Resources */ = {
			isa = PBXResourcesBuildPhase;
			buildActionMask = 2147483647;
			files = (
			);
			runOnlyForDeploymentPostprocessing = 0;
		};
		92F3611528A0D4330076FB89 /* Resources */ = {
			isa = PBXResourcesBuildPhase;
			buildActionMask = 2147483647;
			files = (
			);
			runOnlyForDeploymentPostprocessing = 0;
		};
/* End PBXResourcesBuildPhase section */

/* Begin PBXSourcesBuildPhase section */
		92F360F928A0D42E0076FB89 /* Sources */ = {
			isa = PBXSourcesBuildPhase;
			buildActionMask = 2147483647;
			files = (
				9248050A28A176D800AD79C1 /* BudgetStack.swift in Sources */,
				92F3610328A0D42E0076FB89 /* ContentView.swift in Sources */,
				929EA48D29C8C6AF008D9853 /* BudgetList.swift in Sources */,
				92F3610128A0D42E0076FB89 /* StacksApp.swift in Sources */,
				9248050828A176CA00AD79C1 /* BudgetItem.swift in Sources */,
				9286978929C5887E008DD845 /* BudgetFile.swift in Sources */,
				92295A7B28B5D2D20096F0E5 /* CodableColor.swift in Sources */,
				92ABD56228A3432300D0DED2 /* Balance.swift in Sources */,
				92F3612B28A0DC840076FB89 /* Budget.swift in Sources */,
				92884FDD28A443AA0080E722 /* Extensions.swift in Sources */,
			);
			runOnlyForDeploymentPostprocessing = 0;
		};
		92F3610928A0D4330076FB89 /* Sources */ = {
			isa = PBXSourcesBuildPhase;
			buildActionMask = 2147483647;
			files = (
				92F3611228A0D4330076FB89 /* StacksTests.swift in Sources */,
			);
			runOnlyForDeploymentPostprocessing = 0;
		};
		92F3611328A0D4330076FB89 /* Sources */ = {
			isa = PBXSourcesBuildPhase;
			buildActionMask = 2147483647;
			files = (
				92F3611C28A0D4330076FB89 /* StacksUITests.swift in Sources */,
				92F3611E28A0D4330076FB89 /* StacksUITestsLaunchTests.swift in Sources */,
			);
			runOnlyForDeploymentPostprocessing = 0;
		};
/* End PBXSourcesBuildPhase section */

/* Begin PBXTargetDependency section */
		92F3610F28A0D4330076FB89 /* PBXTargetDependency */ = {
			isa = PBXTargetDependency;
			target = 92F360FC28A0D42E0076FB89 /* Stacks */;
			targetProxy = 92F3610E28A0D4330076FB89 /* PBXContainerItemProxy */;
		};
		92F3611928A0D4330076FB89 /* PBXTargetDependency */ = {
			isa = PBXTargetDependency;
			target = 92F360FC28A0D42E0076FB89 /* Stacks */;
			targetProxy = 92F3611828A0D4330076FB89 /* PBXContainerItemProxy */;
		};
/* End PBXTargetDependency section */

/* Begin XCBuildConfiguration section */
		92F3611F28A0D4330076FB89 /* Debug */ = {
			isa = XCBuildConfiguration;
			buildSettings = {
				ALWAYS_SEARCH_USER_PATHS = NO;
				CLANG_ANALYZER_NONNULL = YES;
				CLANG_ANALYZER_NUMBER_OBJECT_CONVERSION = YES_AGGRESSIVE;
				CLANG_CXX_LANGUAGE_STANDARD = "gnu++17";
				CLANG_ENABLE_MODULES = YES;
				CLANG_ENABLE_OBJC_ARC = YES;
				CLANG_ENABLE_OBJC_WEAK = YES;
				CLANG_WARN_BLOCK_CAPTURE_AUTORELEASING = YES;
				CLANG_WARN_BOOL_CONVERSION = YES;
				CLANG_WARN_COMMA = YES;
				CLANG_WARN_CONSTANT_CONVERSION = YES;
				CLANG_WARN_DEPRECATED_OBJC_IMPLEMENTATIONS = YES;
				CLANG_WARN_DIRECT_OBJC_ISA_USAGE = YES_ERROR;
				CLANG_WARN_DOCUMENTATION_COMMENTS = YES;
				CLANG_WARN_EMPTY_BODY = YES;
				CLANG_WARN_ENUM_CONVERSION = YES;
				CLANG_WARN_INFINITE_RECURSION = YES;
				CLANG_WARN_INT_CONVERSION = YES;
				CLANG_WARN_NON_LITERAL_NULL_CONVERSION = YES;
				CLANG_WARN_OBJC_IMPLICIT_RETAIN_SELF = YES;
				CLANG_WARN_OBJC_LITERAL_CONVERSION = YES;
				CLANG_WARN_OBJC_ROOT_CLASS = YES_ERROR;
				CLANG_WARN_QUOTED_INCLUDE_IN_FRAMEWORK_HEADER = YES;
				CLANG_WARN_RANGE_LOOP_ANALYSIS = YES;
				CLANG_WARN_STRICT_PROTOTYPES = YES;
				CLANG_WARN_SUSPICIOUS_MOVE = YES;
				CLANG_WARN_UNGUARDED_AVAILABILITY = YES_AGGRESSIVE;
				CLANG_WARN_UNREACHABLE_CODE = YES;
				CLANG_WARN__DUPLICATE_METHOD_MATCH = YES;
				COPY_PHASE_STRIP = NO;
				DEBUG_INFORMATION_FORMAT = dwarf;
				ENABLE_STRICT_OBJC_MSGSEND = YES;
				ENABLE_TESTABILITY = YES;
				GCC_C_LANGUAGE_STANDARD = gnu11;
				GCC_DYNAMIC_NO_PIC = NO;
				GCC_NO_COMMON_BLOCKS = YES;
				GCC_OPTIMIZATION_LEVEL = 0;
				GCC_PREPROCESSOR_DEFINITIONS = (
					"DEBUG=1",
					"$(inherited)",
				);
				GCC_WARN_64_TO_32_BIT_CONVERSION = YES;
				GCC_WARN_ABOUT_RETURN_TYPE = YES_ERROR;
				GCC_WARN_UNDECLARED_SELECTOR = YES;
				GCC_WARN_UNINITIALIZED_AUTOS = YES_AGGRESSIVE;
				GCC_WARN_UNUSED_FUNCTION = YES;
				GCC_WARN_UNUSED_VARIABLE = YES;
				IPHONEOS_DEPLOYMENT_TARGET = 15.5;
				MTL_ENABLE_DEBUG_INFO = INCLUDE_SOURCE;
				MTL_FAST_MATH = YES;
				ONLY_ACTIVE_ARCH = YES;
				SDKROOT = iphoneos;
				SWIFT_ACTIVE_COMPILATION_CONDITIONS = DEBUG;
				SWIFT_OPTIMIZATION_LEVEL = "-Onone";
			};
			name = Debug;
		};
		92F3612028A0D4330076FB89 /* Release */ = {
			isa = XCBuildConfiguration;
			buildSettings = {
				ALWAYS_SEARCH_USER_PATHS = NO;
				CLANG_ANALYZER_NONNULL = YES;
				CLANG_ANALYZER_NUMBER_OBJECT_CONVERSION = YES_AGGRESSIVE;
				CLANG_CXX_LANGUAGE_STANDARD = "gnu++17";
				CLANG_ENABLE_MODULES = YES;
				CLANG_ENABLE_OBJC_ARC = YES;
				CLANG_ENABLE_OBJC_WEAK = YES;
				CLANG_WARN_BLOCK_CAPTURE_AUTORELEASING = YES;
				CLANG_WARN_BOOL_CONVERSION = YES;
				CLANG_WARN_COMMA = YES;
				CLANG_WARN_CONSTANT_CONVERSION = YES;
				CLANG_WARN_DEPRECATED_OBJC_IMPLEMENTATIONS = YES;
				CLANG_WARN_DIRECT_OBJC_ISA_USAGE = YES_ERROR;
				CLANG_WARN_DOCUMENTATION_COMMENTS = YES;
				CLANG_WARN_EMPTY_BODY = YES;
				CLANG_WARN_ENUM_CONVERSION = YES;
				CLANG_WARN_INFINITE_RECURSION = YES;
				CLANG_WARN_INT_CONVERSION = YES;
				CLANG_WARN_NON_LITERAL_NULL_CONVERSION = YES;
				CLANG_WARN_OBJC_IMPLICIT_RETAIN_SELF = YES;
				CLANG_WARN_OBJC_LITERAL_CONVERSION = YES;
				CLANG_WARN_OBJC_ROOT_CLASS = YES_ERROR;
				CLANG_WARN_QUOTED_INCLUDE_IN_FRAMEWORK_HEADER = YES;
				CLANG_WARN_RANGE_LOOP_ANALYSIS = YES;
				CLANG_WARN_STRICT_PROTOTYPES = YES;
				CLANG_WARN_SUSPICIOUS_MOVE = YES;
				CLANG_WARN_UNGUARDED_AVAILABILITY = YES_AGGRESSIVE;
				CLANG_WARN_UNREACHABLE_CODE = YES;
				CLANG_WARN__DUPLICATE_METHOD_MATCH = YES;
				COPY_PHASE_STRIP = NO;
				DEBUG_INFORMATION_FORMAT = "dwarf-with-dsym";
				ENABLE_NS_ASSERTIONS = NO;
				ENABLE_STRICT_OBJC_MSGSEND = YES;
				GCC_C_LANGUAGE_STANDARD = gnu11;
				GCC_NO_COMMON_BLOCKS = YES;
				GCC_WARN_64_TO_32_BIT_CONVERSION = YES;
				GCC_WARN_ABOUT_RETURN_TYPE = YES_ERROR;
				GCC_WARN_UNDECLARED_SELECTOR = YES;
				GCC_WARN_UNINITIALIZED_AUTOS = YES_AGGRESSIVE;
				GCC_WARN_UNUSED_FUNCTION = YES;
				GCC_WARN_UNUSED_VARIABLE = YES;
				IPHONEOS_DEPLOYMENT_TARGET = 15.5;
				MTL_ENABLE_DEBUG_INFO = NO;
				MTL_FAST_MATH = YES;
				SDKROOT = iphoneos;
				SWIFT_COMPILATION_MODE = wholemodule;
				SWIFT_OPTIMIZATION_LEVEL = "-O";
				VALIDATE_PRODUCT = YES;
			};
			name = Release;
		};
		92F3612228A0D4330076FB89 /* Debug */ = {
			isa = XCBuildConfiguration;
			buildSettings = {
				ASSETCATALOG_COMPILER_APPICON_NAME = AppIcon;
				ASSETCATALOG_COMPILER_GLOBAL_ACCENT_COLOR_NAME = AccentColor;
				ASSETCATALOG_COMPILER_INCLUDE_ALL_APPICON_ASSETS = NO;
				CODE_SIGN_ENTITLEMENTS = Stacks/Stacks.entitlements;
				CODE_SIGN_IDENTITY = "Apple Development";
				CODE_SIGN_STYLE = Automatic;
				CURRENT_PROJECT_VERSION = 1;
				DEVELOPMENT_ASSET_PATHS = "\"Stacks/Preview Content\"";
				DEVELOPMENT_TEAM = PAPG96B6SC;
				ENABLE_PREVIEWS = YES;
				EXCLUDED_ARCHS = "";
				GENERATE_INFOPLIST_FILE = YES;
				INFOPLIST_FILE = Stacks/Info.plist;
				INFOPLIST_KEY_UIApplicationSceneManifest_Generation = YES;
				INFOPLIST_KEY_UIApplicationSupportsIndirectInputEvents = YES;
				INFOPLIST_KEY_UILaunchScreen_Generation = YES;
				INFOPLIST_KEY_UISupportedInterfaceOrientations_iPad = "UIInterfaceOrientationPortrait UIInterfaceOrientationPortraitUpsideDown UIInterfaceOrientationLandscapeLeft UIInterfaceOrientationLandscapeRight";
				INFOPLIST_KEY_UISupportedInterfaceOrientations_iPhone = "UIInterfaceOrientationPortrait UIInterfaceOrientationLandscapeLeft UIInterfaceOrientationLandscapeRight";
				IPHONEOS_DEPLOYMENT_TARGET = 16.0;
				LD_RUNPATH_SEARCH_PATHS = (
					"$(inherited)",
					"@executable_path/Frameworks",
				);
				MARKETING_VERSION = 1.0;
				PRODUCT_BUNDLE_IDENTIFIER = com.zachhof.Stacks;
				PRODUCT_NAME = "$(TARGET_NAME)";
				PROVISIONING_PROFILE_SPECIFIER = "";
				SUPPORTS_MACCATALYST = NO;
				SWIFT_EMIT_LOC_STRINGS = YES;
				SWIFT_VERSION = 5.0;
				TARGETED_DEVICE_FAMILY = "1,2";
			};
			name = Debug;
		};
		92F3612328A0D4330076FB89 /* Release */ = {
			isa = XCBuildConfiguration;
			buildSettings = {
				ASSETCATALOG_COMPILER_APPICON_NAME = AppIcon;
				ASSETCATALOG_COMPILER_GLOBAL_ACCENT_COLOR_NAME = AccentColor;
				ASSETCATALOG_COMPILER_INCLUDE_ALL_APPICON_ASSETS = NO;
				CODE_SIGN_ENTITLEMENTS = Stacks/Stacks.entitlements;
				CODE_SIGN_IDENTITY = "Apple Development";
				CODE_SIGN_STYLE = Automatic;
				CURRENT_PROJECT_VERSION = 1;
				DEVELOPMENT_ASSET_PATHS = "\"Stacks/Preview Content\"";
				DEVELOPMENT_TEAM = PAPG96B6SC;
				ENABLE_PREVIEWS = YES;
				EXCLUDED_ARCHS = "";
				GENERATE_INFOPLIST_FILE = YES;
				INFOPLIST_FILE = Stacks/Info.plist;
				INFOPLIST_KEY_UIApplicationSceneManifest_Generation = YES;
				INFOPLIST_KEY_UIApplicationSupportsIndirectInputEvents = YES;
				INFOPLIST_KEY_UILaunchScreen_Generation = YES;
				INFOPLIST_KEY_UISupportedInterfaceOrientations_iPad = "UIInterfaceOrientationPortrait UIInterfaceOrientationPortraitUpsideDown UIInterfaceOrientationLandscapeLeft UIInterfaceOrientationLandscapeRight";
				INFOPLIST_KEY_UISupportedInterfaceOrientations_iPhone = "UIInterfaceOrientationPortrait UIInterfaceOrientationLandscapeLeft UIInterfaceOrientationLandscapeRight";
				IPHONEOS_DEPLOYMENT_TARGET = 16.0;
				LD_RUNPATH_SEARCH_PATHS = (
					"$(inherited)",
					"@executable_path/Frameworks",
				);
				MARKETING_VERSION = 1.0;
				PRODUCT_BUNDLE_IDENTIFIER = com.zachhof.Stacks;
				PRODUCT_NAME = "$(TARGET_NAME)";
				PROVISIONING_PROFILE_SPECIFIER = "";
				SUPPORTS_MACCATALYST = NO;
				SWIFT_EMIT_LOC_STRINGS = YES;
				SWIFT_VERSION = 5.0;
				TARGETED_DEVICE_FAMILY = "1,2";
			};
			name = Release;
		};
		92F3612528A0D4330076FB89 /* Debug */ = {
			isa = XCBuildConfiguration;
			buildSettings = {
				ALWAYS_EMBED_SWIFT_STANDARD_LIBRARIES = YES;
				BUNDLE_LOADER = "$(TEST_HOST)";
				CODE_SIGN_STYLE = Automatic;
				CURRENT_PROJECT_VERSION = 1;
				DEVELOPMENT_TEAM = PAPG96B6SC;
				GENERATE_INFOPLIST_FILE = YES;
				IPHONEOS_DEPLOYMENT_TARGET = 15.5;
				MARKETING_VERSION = 1.0;
				PRODUCT_BUNDLE_IDENTIFIER = com.zachhof.StacksTests;
				PRODUCT_NAME = "$(TARGET_NAME)";
				SWIFT_EMIT_LOC_STRINGS = NO;
				SWIFT_VERSION = 5.0;
				TARGETED_DEVICE_FAMILY = "1,2";
				TEST_HOST = "$(BUILT_PRODUCTS_DIR)/Stacks.app/Stacks";
			};
			name = Debug;
		};
		92F3612628A0D4330076FB89 /* Release */ = {
			isa = XCBuildConfiguration;
			buildSettings = {
				ALWAYS_EMBED_SWIFT_STANDARD_LIBRARIES = YES;
				BUNDLE_LOADER = "$(TEST_HOST)";
				CODE_SIGN_STYLE = Automatic;
				CURRENT_PROJECT_VERSION = 1;
				DEVELOPMENT_TEAM = PAPG96B6SC;
				GENERATE_INFOPLIST_FILE = YES;
				IPHONEOS_DEPLOYMENT_TARGET = 15.5;
				MARKETING_VERSION = 1.0;
				PRODUCT_BUNDLE_IDENTIFIER = com.zachhof.StacksTests;
				PRODUCT_NAME = "$(TARGET_NAME)";
				SWIFT_EMIT_LOC_STRINGS = NO;
				SWIFT_VERSION = 5.0;
				TARGETED_DEVICE_FAMILY = "1,2";
				TEST_HOST = "$(BUILT_PRODUCTS_DIR)/Stacks.app/Stacks";
			};
			name = Release;
		};
		92F3612828A0D4330076FB89 /* Debug */ = {
			isa = XCBuildConfiguration;
			buildSettings = {
				ALWAYS_EMBED_SWIFT_STANDARD_LIBRARIES = YES;
				CODE_SIGN_STYLE = Automatic;
				CURRENT_PROJECT_VERSION = 1;
				DEVELOPMENT_TEAM = PAPG96B6SC;
				GENERATE_INFOPLIST_FILE = YES;
				MARKETING_VERSION = 1.0;
				PRODUCT_BUNDLE_IDENTIFIER = com.zachhof.StacksUITests;
				PRODUCT_NAME = "$(TARGET_NAME)";
				SWIFT_EMIT_LOC_STRINGS = NO;
				SWIFT_VERSION = 5.0;
				TARGETED_DEVICE_FAMILY = "1,2";
				TEST_TARGET_NAME = Stacks;
			};
			name = Debug;
		};
		92F3612928A0D4330076FB89 /* Release */ = {
			isa = XCBuildConfiguration;
			buildSettings = {
				ALWAYS_EMBED_SWIFT_STANDARD_LIBRARIES = YES;
				CODE_SIGN_STYLE = Automatic;
				CURRENT_PROJECT_VERSION = 1;
				DEVELOPMENT_TEAM = PAPG96B6SC;
				GENERATE_INFOPLIST_FILE = YES;
				MARKETING_VERSION = 1.0;
				PRODUCT_BUNDLE_IDENTIFIER = com.zachhof.StacksUITests;
				PRODUCT_NAME = "$(TARGET_NAME)";
				SWIFT_EMIT_LOC_STRINGS = NO;
				SWIFT_VERSION = 5.0;
				TARGETED_DEVICE_FAMILY = "1,2";
				TEST_TARGET_NAME = Stacks;
			};
			name = Release;
		};
/* End XCBuildConfiguration section */

/* Begin XCConfigurationList section */
		92F360F828A0D42E0076FB89 /* Build configuration list for PBXProject "Stacks" */ = {
			isa = XCConfigurationList;
			buildConfigurations = (
				92F3611F28A0D4330076FB89 /* Debug */,
				92F3612028A0D4330076FB89 /* Release */,
			);
			defaultConfigurationIsVisible = 0;
			defaultConfigurationName = Release;
		};
		92F3612128A0D4330076FB89 /* Build configuration list for PBXNativeTarget "Stacks" */ = {
			isa = XCConfigurationList;
			buildConfigurations = (
				92F3612228A0D4330076FB89 /* Debug */,
				92F3612328A0D4330076FB89 /* Release */,
			);
			defaultConfigurationIsVisible = 0;
			defaultConfigurationName = Release;
		};
		92F3612428A0D4330076FB89 /* Build configuration list for PBXNativeTarget "StacksTests" */ = {
			isa = XCConfigurationList;
			buildConfigurations = (
				92F3612528A0D4330076FB89 /* Debug */,
				92F3612628A0D4330076FB89 /* Release */,
			);
			defaultConfigurationIsVisible = 0;
			defaultConfigurationName = Release;
		};
		92F3612728A0D4330076FB89 /* Build configuration list for PBXNativeTarget "StacksUITests" */ = {
			isa = XCConfigurationList;
			buildConfigurations = (
				92F3612828A0D4330076FB89 /* Debug */,
				92F3612928A0D4330076FB89 /* Release */,
			);
			defaultConfigurationIsVisible = 0;
			defaultConfigurationName = Release;
		};
/* End XCConfigurationList section */

/* Begin XCRemoteSwiftPackageReference section */
		922F620928A971CC0078D87A /* XCRemoteSwiftPackageReference "SymbolPicker" */ = {
			isa = XCRemoteSwiftPackageReference;
			repositoryURL = "https://github.com/xnth97/SymbolPicker.git";
			requirement = {
				kind = upToNextMajorVersion;
				minimumVersion = 1.0.0;
			};
		};
/* End XCRemoteSwiftPackageReference section */

/* Begin XCSwiftPackageProductDependency section */
		922F620A28A971CC0078D87A /* SymbolPicker */ = {
			isa = XCSwiftPackageProductDependency;
			package = 922F620928A971CC0078D87A /* XCRemoteSwiftPackageReference "SymbolPicker" */;
			productName = SymbolPicker;
		};
/* End XCSwiftPackageProductDependency section */
	};
	rootObject = 92F360F528A0D42E0076FB89 /* Project object */;
}
