// !$*UTF8*$!
{
	archiveVersion = 1;
	classes = {
	};
	objectVersion = 70;
	objects = {

/* Begin PBXBuildFile section */
		922F620B28A971CC0078D87A /* SymbolPicker in Frameworks */ = {isa = PBXBuildFile; productRef = 922F620A28A971CC0078D87A /* SymbolPicker */; };
		92553BCD2D93C3D000E28C39 /* LaunchScreen.storyboard in Resources */ = {isa = PBXBuildFile; fileRef = 92553BCC2D93C3D000E28C39 /* LaunchScreen.storyboard */; };
		92DC50BC2D9B3A60003B7A8B /* TellerKit.xcframework in Frameworks */ = {isa = PBXBuildFile; fileRef = 92DC50BA2D9B3A24003B7A8B /* TellerKit.xcframework */; };
		92DC50BD2D9B3A60003B7A8B /* TellerKit.xcframework in Embed Frameworks */ = {isa = PBXBuildFile; fileRef = 92DC50BA2D9B3A24003B7A8B /* TellerKit.xcframework */; settings = {ATTRIBUTES = (CodeSignOnCopy, RemoveHeadersOnCopy, ); }; };
		92F3610128A0D42E0076FB89 /* StacksApp.swift in Sources */ = {isa = PBXBuildFile; fileRef = 92F3610028A0D42E0076FB89 /* StacksApp.swift */; };
		92F3610328A0D42E0076FB89 /* ContentView.swift in Sources */ = {isa = PBXBuildFile; fileRef = 92F3610228A0D42E0076FB89 /* ContentView.swift */; };
		92F3610528A0D4320076FB89 /* Assets.xcassets in Resources */ = {isa = PBXBuildFile; fileRef = 92F3610428A0D4320076FB89 /* Assets.xcassets */; };
		92F3611228A0D4330076FB89 /* StacksTests.swift in Sources */ = {isa = PBXBuildFile; fileRef = 92F3611128A0D4330076FB89 /* StacksTests.swift */; };
		92F3611C28A0D4330076FB89 /* StacksUITests.swift in Sources */ = {isa = PBXBuildFile; fileRef = 92F3611B28A0D4330076FB89 /* StacksUITests.swift */; };
		92F3611E28A0D4330076FB89 /* StacksUITestsLaunchTests.swift in Sources */ = {isa = PBXBuildFile; fileRef = 92F3611D28A0D4330076FB89 /* StacksUITestsLaunchTests.swift */; };
/* End PBXBuildFile section */

/* Begin PBXContainerItemProxy section */
		92F3610E28A0D4330076FB89 /* PBXContainerItemProxy */ = {
			isa = PBXContainerItemProxy;
			containerPortal = 92F360F528A0D42E0076FB89 /* Project object */;
			proxyType = 1;
			remoteGlobalIDString = 92F360FC28A0D42E0076FB89;
			remoteInfo = Stacks;
		};
		92F3611828A0D4330076FB89 /* PBXContainerItemProxy */ = {
			isa = PBXContainerItemProxy;
			containerPortal = 92F360F528A0D42E0076FB89 /* Project object */;
			proxyType = 1;
			remoteGlobalIDString = 92F360FC28A0D42E0076FB89;
			remoteInfo = Stacks;
		};
/* End PBXContainerItemProxy section */

/* Begin PBXCopyFilesBuildPhase section */
		92DC50BE2D9B3A60003B7A8B /* Embed Frameworks */ = {
			isa = PBXCopyFilesBuildPhase;
			buildActionMask = 2147483647;
			dstPath = "";
			dstSubfolderSpec = 10;
			files = (
				92DC50BD2D9B3A60003B7A8B /* TellerKit.xcframework in Embed Frameworks */,
			);
			name = "Embed Frameworks";
			runOnlyForDeploymentPostprocessing = 0;
		};
/* End PBXCopyFilesBuildPhase section */

/* Begin PBXFileReference section */
		920B11AE28B01FE200175252 /* Stacks.entitlements */ = {isa = PBXFileReference; lastKnownFileType = text.plist.entitlements; path = Stacks.entitlements; sourceTree = "<group>"; };
		92553BCC2D93C3D000E28C39 /* LaunchScreen.storyboard */ = {isa = PBXFileReference; lastKnownFileType = file.storyboard; path = LaunchScreen.storyboard; sourceTree = "<group>"; };
		9286978729C5857E008DD845 /* Info.plist */ = {isa = PBXFileReference; lastKnownFileType = text.plist; path = Info.plist; sourceTree = "<group>"; };
		92DC50BA2D9B3A24003B7A8B /* TellerKit.xcframework */ = {isa = PBXFileReference; lastKnownFileType = wrapper.xcframework; path = TellerKit.xcframework; sourceTree = "<group>"; };
		92F360FD28A0D42E0076FB89 /* Stacks.app */ = {isa = PBXFileReference; explicitFileType = wrapper.application; includeInIndex = 0; path = Stacks.app; sourceTree = BUILT_PRODUCTS_DIR; };
		92F3610028A0D42E0076FB89 /* StacksApp.swift */ = {isa = PBXFileReference; lastKnownFileType = sourcecode.swift; path = StacksApp.swift; sourceTree = "<group>"; };
		92F3610228A0D42E0076FB89 /* ContentView.swift */ = {isa = PBXFileReference; lastKnownFileType = sourcecode.swift; path = ContentView.swift; sourceTree = "<group>"; };
		92F3610428A0D4320076FB89 /* Assets.xcassets */ = {isa = PBXFileReference; lastKnownFileType = folder.assetcatalog; path = Assets.xcassets; sourceTree = "<group>"; };
		92F3610D28A0D4330076FB89 /* StacksTests.xctest */ = {isa = PBXFileReference; explicitFileType = wrapper.cfbundle; includeInIndex = 0; path = StacksTests.xctest; sourceTree = BUILT_PRODUCTS_DIR; };
		92F3611128A0D4330076FB89 /* StacksTests.swift */ = {isa = PBXFileReference; lastKnownFileType = sourcecode.swift; path = StacksTests.swift; sourceTree = "<group>"; };
		92F3611728A0D4330076FB89 /* StacksUITests.xctest */ = {isa = PBXFileReference; explicitFileType = wrapper.cfbundle; includeInIndex = 0; path = StacksUITests.xctest; sourceTree = BUILT_PRODUCTS_DIR; };
		92F3611B28A0D4330076FB89 /* StacksUITests.swift */ = {isa = PBXFileReference; lastKnownFileType = sourcecode.swift; path = StacksUITests.swift; sourceTree = "<group>"; };
		92F3611D28A0D4330076FB89 /* StacksUITestsLaunchTests.swift */ = {isa = PBXFileReference; lastKnownFileType = sourcecode.swift; path = StacksUITestsLaunchTests.swift; sourceTree = "<group>"; };
/* End PBXFileReference section */

/* Begin PBXFileSystemSynchronizedRootGroup section */
		92553BCE2D93C72700E28C39 /* BudgetList */ = {isa = PBXFileSystemSynchronizedRootGroup; explicitFileTypes = {}; explicitFolders = (); path = BudgetList; sourceTree = "<group>"; };
		92553BD52D93C8AC00E28C39 /* Extensions */ = {isa = PBXFileSystemSynchronizedRootGroup; explicitFileTypes = {}; explicitFolders = (); path = Extensions; sourceTree = "<group>"; };
		92553BD62D93C8C700E28C39 /* Balance */ = {isa = PBXFileSystemSynchronizedRootGroup; explicitFileTypes = {}; explicitFolders = (); path = Balance; sourceTree = "<group>"; };
		92553BD92D93C9B500E28C39 /* Stack */ = {isa = PBXFileSystemSynchronizedRootGroup; explicitFileTypes = {}; explicitFolders = (); path = Stack; sourceTree = "<group>"; };
		92553BE02D93CBFD00E28C39 /* Transaction */ = {isa = PBXFileSystemSynchronizedRootGroup; explicitFileTypes = {}; explicitFolders = (); path = Transaction; sourceTree = "<group>"; };
		92553BE32D93CCA600E28C39 /* Budget */ = {isa = PBXFileSystemSynchronizedRootGroup; explicitFileTypes = {}; explicitFolders = (); path = Budget; sourceTree = "<group>"; };
		92B6E17B2D9A55C5000EA8E3 /* Modules */ = {isa = PBXFileSystemSynchronizedRootGroup; explicitFileTypes = {}; explicitFolders = (); path = Modules; sourceTree = "<group>"; };
		92F6D6812D9DF778006AC8CD /* BankData */ = {isa = PBXFileSystemSynchronizedRootGroup; explicitFileTypes = {}; explicitFolders = (); path = BankData; sourceTree = "<group>"; };
		92F6D6882D9DF7FF006AC8CD /* Preview Content */ = {isa = PBXFileSystemSynchronizedRootGroup; explicitFileTypes = {}; explicitFolders = (); path = "Preview Content"; sourceTree = "<group>"; };
/* End PBXFileSystemSynchronizedRootGroup section */

/* Begin PBXFrameworksBuildPhase section */
		92F360FA28A0D42E0076FB89 /* Frameworks */ = {
			isa = PBXFrameworksBuildPhase;
			buildActionMask = 2147483647;
			files = (
				92DC50BC2D9B3A60003B7A8B /* TellerKit.xcframework in Frameworks */,
				922F620B28A971CC0078D87A /* SymbolPicker in Frameworks */,
			);
			runOnlyForDeploymentPostprocessing = 0;
		};
		92F3610A28A0D4330076FB89 /* Frameworks */ = {
			isa = PBXFrameworksBuildPhase;
			buildActionMask = 2147483647;
			files = (
			);
			runOnlyForDeploymentPostprocessing = 0;
		};
		92F3611428A0D4330076FB89 /* Frameworks */ = {
			isa = PBXFrameworksBuildPhase;
			buildActionMask = 2147483647;
			files = (
			);
			runOnlyForDeploymentPostprocessing = 0;
		};
/* End PBXFrameworksBuildPhase section */

/* Begin PBXGroup section */
		92F360F428A0D42E0076FB89 = {
			isa = PBXGroup;
			children = (
				92F360FF28A0D42E0076FB89 /* Stacks */,
				92F3611028A0D4330076FB89 /* StacksTests */,
				92F3611A28A0D4330076FB89 /* StacksUITests */,
				92F360FE28A0D42E0076FB89 /* Products */,
			);
			sourceTree = "<group>";
		};
		92F360FE28A0D42E0076FB89 /* Products */ = {
			isa = PBXGroup;
			children = (
				92F360FD28A0D42E0076FB89 /* Stacks.app */,
				92F3610D28A0D4330076FB89 /* StacksTests.xctest */,
				92F3611728A0D4330076FB89 /* StacksUITests.xctest */,
			);
			name = Products;
			sourceTree = "<group>";
		};
		92F360FF28A0D42E0076FB89 /* Stacks */ = {
			isa = PBXGroup;
			children = (
				9286978729C5857E008DD845 /* Info.plist */,
				920B11AE28B01FE200175252 /* Stacks.entitlements */,
				92F3610028A0D42E0076FB89 /* StacksApp.swift */,
				92F3610228A0D42E0076FB89 /* ContentView.swift */,
				92F6D6812D9DF778006AC8CD /* BankData */,
				92553BCE2D93C72700E28C39 /* BudgetList */,
				92553BE32D93CCA600E28C39 /* Budget */,
				92553BD62D93C8C700E28C39 /* Balance */,
				92553BE02D93CBFD00E28C39 /* Transaction */,
				92553BD92D93C9B500E28C39 /* Stack */,
				92553BD52D93C8AC00E28C39 /* Extensions */,
				92B6E17B2D9A55C5000EA8E3 /* Modules */,
				92DC50BA2D9B3A24003B7A8B /* TellerKit.xcframework */,
				92F6D6882D9DF7FF006AC8CD /* Preview Content */,
				92F3610428A0D4320076FB89 /* Assets.xcassets */,
				92553BCC2D93C3D000E28C39 /* LaunchScreen.storyboard */,
			);
			path = Stacks;
			sourceTree = "<group>";
		};
		92F3611028A0D4330076FB89 /* StacksTests */ = {
			isa = PBXGroup;
			children = (
				92F3611128A0D4330076FB89 /* StacksTests.swift */,
			);
			path = StacksTests;
			sourceTree = "<group>";
		};
		92F3611A28A0D4330076FB89 /* StacksUITests */ = {
			isa = PBXGroup;
			children = (
				92F3611B28A0D4330076FB89 /* StacksUITests.swift */,
				92F3611D28A0D4330076FB89 /* StacksUITestsLaunchTests.swift */,
			);
			path = StacksUITests;
			sourceTree = "<group>";
		};
/* End PBXGroup section */

/* Begin PBXNativeTarget section */
		92F360FC28A0D42E0076FB89 /* Stacks */ = {
			isa = PBXNativeTarget;
			buildConfigurationList = 92F3612128A0D4330076FB89 /* Build configuration list for PBXNativeTarget "Stacks" */;
			buildPhases = (
				92F360F928A0D42E0076FB89 /* Sources */,
				92F360FA28A0D42E0076FB89 /* Frameworks */,
				92F360FB28A0D42E0076FB89 /* Resources */,
				92DC50BE2D9B3A60003B7A8B /* Embed Frameworks */,
			);
			buildRules = (
			);
			dependencies = (
			);
			fileSystemSynchronizedGroups = (
				92553BCE2D93C72700E28C39 /* BudgetList */,
				92553BD52D93C8AC00E28C39 /* Extensions */,
				92553BD62D93C8C700E28C39 /* Balance */,
				92553BD92D93C9B500E28C39 /* Stack */,
				92553BE02D93CBFD00E28C39 /* Transaction */,
				92553BE32D93CCA600E28C39 /* Budget */,
				92B6E17B2D9A55C5000EA8E3 /* Modules */,
				92F6D6812D9DF778006AC8CD /* BankData */,
				92F6D6882D9DF7FF006AC8CD /* Preview Content */,
			);
			name = Stacks;
			packageProductDependencies = (
				922F620A28A971CC0078D87A /* SymbolPicker */,
			);
			productName = Stacks;
			productReference = 92F360FD28A0D42E0076FB89 /* Stacks.app */;
			productType = "com.apple.product-type.application";
		};
		92F3610C28A0D4330076FB89 /* StacksTests */ = {
			isa = PBXNativeTarget;
			buildConfigurationList = 92F3612428A0D4330076FB89 /* Build configuration list for PBXNativeTarget "StacksTests" */;
			buildPhases = (
				92F3610928A0D4330076FB89 /* Sources */,
				92F3610A28A0D4330076FB89 /* Frameworks */,
				92F3610B28A0D4330076FB89 /* Resources */,
			);
			buildRules = (
			);
			dependencies = (
				92F3610F28A0D4330076FB89 /* PBXTargetDependency */,
			);
			name = StacksTests;
			productName = StacksTests;
			productReference = 92F3610D28A0D4330076FB89 /* StacksTests.xctest */;
			productType = "com.apple.product-type.bundle.unit-test";
		};
		92F3611628A0D4330076FB89 /* StacksUITests */ = {
			isa = PBXNativeTarget;
			buildConfigurationList = 92F3612728A0D4330076FB89 /* Build configuration list for PBXNativeTarget "StacksUITests" */;
			buildPhases = (
				92F3611328A0D4330076FB89 /* Sources */,
				92F3611428A0D4330076FB89 /* Frameworks */,
				92F3611528A0D4330076FB89 /* Resources */,
			);
			buildRules = (
			);
			dependencies = (
				92F3611928A0D4330076FB89 /* PBXTargetDependency */,
			);
			name = StacksUITests;
			productName = StacksUITests;
			productReference = 92F3611728A0D4330076FB89 /* StacksUITests.xctest */;
			productType = "com.apple.product-type.bundle.ui-testing";
		};
/* End PBXNativeTarget section */

/* Begin PBXProject section */
		92F360F528A0D42E0076FB89 /* Project object */ = {
			isa = PBXProject;
			attributes = {
				BuildIndependentTargetsInParallel = 1;
				LastSwiftUpdateCheck = 1340;
				LastUpgradeCheck = 1620;
				TargetAttributes = {
					92F360FC28A0D42E0076FB89 = {
						CreatedOnToolsVersion = 13.4.1;
					};
					92F3610C28A0D4330076FB89 = {
						CreatedOnToolsVersion = 13.4.1;
						TestTargetID = 92F360FC28A0D42E0076FB89;
					};
					92F3611628A0D4330076FB89 = {
						CreatedOnToolsVersion = 13.4.1;
						TestTargetID = 92F360FC28A0D42E0076FB89;
					};
				};
			};
			buildConfigurationList = 92F360F828A0D42E0076FB89 /* Build configuration list for PBXProject "Stacks" */;
			compatibilityVersion = "Xcode 13.0";
			developmentRegion = en;
			hasScannedForEncodings = 0;
			knownRegions = (
				en,
				Base,
			);
			mainGroup = 92F360F428A0D42E0076FB89;
			packageReferences = (
				922F620928A971CC0078D87A /* XCRemoteSwiftPackageReference "SymbolPicker" */,
			);
			productRefGroup = 92F360FE28A0D42E0076FB89 /* Products */;
			projectDirPath = "";
			projectRoot = "";
			targets = (
				92F360FC28A0D42E0076FB89 /* Stacks */,
				92F3610C28A0D4330076FB89 /* StacksTests */,
				92F3611628A0D4330076FB89 /* StacksUITests */,
			);
		};
/* End PBXProject section */

/* Begin PBXResourcesBuildPhase section */
		92F360FB28A0D42E0076FB89 /* Resources */ = {
			isa = PBXResourcesBuildPhase;
			buildActionMask = 2147483647;
			files = (
				92553BCD2D93C3D000E28C39 /* LaunchScreen.storyboard in Resources */,
				92F3610528A0D4320076FB89 /* Assets.xcassets in Resources */,
			);
			runOnlyForDeploymentPostprocessing = 0;
		};
		92F3610B28A0D4330076FB89 /* Resources */ = {
			isa = PBXResourcesBuildPhase;
			buildActionMask = 2147483647;
			files = (
			);
			runOnlyForDeploymentPostprocessing = 0;
		};
		92F3611528A0D4330076FB89 /* Resources */ = {
			isa = PBXResourcesBuildPhase;
			buildActionMask = 2147483647;
			files = (
			);
			runOnlyForDeploymentPostprocessing = 0;
		};
/* End PBXResourcesBuildPhase section */

/* Begin PBXSourcesBuildPhase section */
		92F360F928A0D42E0076FB89 /* Sources */ = {
			isa = PBXSourcesBuildPhase;
			buildActionMask = 2147483647;
			files = (
				92F3610328A0D42E0076FB89 /* ContentView.swift in Sources */,
				92F3610128A0D42E0076FB89 /* StacksApp.swift in Sources */,
			);
			runOnlyForDeploymentPostprocessing = 0;
		};
		92F3610928A0D4330076FB89 /* Sources */ = {
			isa = PBXSourcesBuildPhase;
			buildActionMask = 2147483647;
			files = (
				92F3611228A0D4330076FB89 /* StacksTests.swift in Sources */,
			);
			runOnlyForDeploymentPostprocessing = 0;
		};
		92F3611328A0D4330076FB89 /* Sources */ = {
			isa = PBXSourcesBuildPhase;
			buildActionMask = 2147483647;
			files = (
				92F3611C28A0D4330076FB89 /* StacksUITests.swift in Sources */,
				92F3611E28A0D4330076FB89 /* StacksUITestsLaunchTests.swift in Sources */,
			);
			runOnlyForDeploymentPostprocessing = 0;
		};
/* End PBXSourcesBuildPhase section */

/* Begin PBXTargetDependency section */
		92F3610F28A0D4330076FB89 /* PBXTargetDependency */ = {
			isa = PBXTargetDependency;
			target = 92F360FC28A0D42E0076FB89 /* Stacks */;
			targetProxy = 92F3610E28A0D4330076FB89 /* PBXContainerItemProxy */;
		};
		92F3611928A0D4330076FB89 /* PBXTargetDependency */ = {
			isa = PBXTargetDependency;
			target = 92F360FC28A0D42E0076FB89 /* Stacks */;
			targetProxy = 92F3611828A0D4330076FB89 /* PBXContainerItemProxy */;
		};
/* End PBXTargetDependency section */

/* Begin XCBuildConfiguration section */
		92F3611F28A0D4330076FB89 /* Debug */ = {
			isa = XCBuildConfiguration;
			buildSettings = {
				ALWAYS_SEARCH_USER_PATHS = NO;
				ASSETCATALOG_COMPILER_GENERATE_SWIFT_ASSET_SYMBOL_EXTENSIONS = YES;
				CLANG_ANALYZER_NONNULL = YES;
				CLANG_ANALYZER_NUMBER_OBJECT_CONVERSION = YES_AGGRESSIVE;
				CLANG_CXX_LANGUAGE_STANDARD = "gnu++17";
				CLANG_ENABLE_MODULES = YES;
				CLANG_ENABLE_OBJC_ARC = YES;
				CLANG_ENABLE_OBJC_WEAK = YES;
				CLANG_WARN_BLOCK_CAPTURE_AUTORELEASING = YES;
				CLANG_WARN_BOOL_CONVERSION = YES;
				CLANG_WARN_COMMA = YES;
				CLANG_WARN_CONSTANT_CONVERSION = YES;
				CLANG_WARN_DEPRECATED_OBJC_IMPLEMENTATIONS = YES;
				CLANG_WARN_DIRECT_OBJC_ISA_USAGE = YES_ERROR;
				CLANG_WARN_DOCUMENTATION_COMMENTS = YES;
				CLANG_WARN_EMPTY_BODY = YES;
				CLANG_WARN_ENUM_CONVERSION = YES;
				CLANG_WARN_INFINITE_RECURSION = YES;
				CLANG_WARN_INT_CONVERSION = YES;
				CLANG_WARN_NON_LITERAL_NULL_CONVERSION = YES;
				CLANG_WARN_OBJC_IMPLICIT_RETAIN_SELF = YES;
				CLANG_WARN_OBJC_LITERAL_CONVERSION = YES;
				CLANG_WARN_OBJC_ROOT_CLASS = YES_ERROR;
				CLANG_WARN_QUOTED_INCLUDE_IN_FRAMEWORK_HEADER = YES;
				CLANG_WARN_RANGE_LOOP_ANALYSIS = YES;
				CLANG_WARN_STRICT_PROTOTYPES = YES;
				CLANG_WARN_SUSPICIOUS_MOVE = YES;
				CLANG_WARN_UNGUARDED_AVAILABILITY = YES_AGGRESSIVE;
				CLANG_WARN_UNREACHABLE_CODE = YES;
				CLANG_WARN__DUPLICATE_METHOD_MATCH = YES;
				COPY_PHASE_STRIP = NO;
				DEBUG_INFORMATION_FORMAT = dwarf;
				ENABLE_STRICT_OBJC_MSGSEND = YES;
				ENABLE_TESTABILITY = YES;
				ENABLE_USER_SCRIPT_SANDBOXING = YES;
				GCC_C_LANGUAGE_STANDARD = gnu11;
				GCC_DYNAMIC_NO_PIC = NO;
				GCC_NO_COMMON_BLOCKS = YES;
				GCC_OPTIMIZATION_LEVEL = 0;
				GCC_PREPROCESSOR_DEFINITIONS = (
					"DEBUG=1",
					"$(inherited)",
				);
				GCC_WARN_64_TO_32_BIT_CONVERSION = YES;
				GCC_WARN_ABOUT_RETURN_TYPE = YES_ERROR;
				GCC_WARN_UNDECLARED_SELECTOR = YES;
				GCC_WARN_UNINITIALIZED_AUTOS = YES_AGGRESSIVE;
				GCC_WARN_UNUSED_FUNCTION = YES;
				GCC_WARN_UNUSED_VARIABLE = YES;
				IPHONEOS_DEPLOYMENT_TARGET = 15.5;
				MTL_ENABLE_DEBUG_INFO = INCLUDE_SOURCE;
				MTL_FAST_MATH = YES;
				ONLY_ACTIVE_ARCH = YES;
				SDKROOT = iphoneos;
				SWIFT_ACTIVE_COMPILATION_CONDITIONS = DEBUG;
				SWIFT_OPTIMIZATION_LEVEL = "-Onone";
			};
			name = Debug;
		};
		92F3612028A0D4330076FB89 /* Release */ = {
			isa = XCBuildConfiguration;
			buildSettings = {
				ALWAYS_SEARCH_USER_PATHS = NO;
				ASSETCATALOG_COMPILER_GENERATE_SWIFT_ASSET_SYMBOL_EXTENSIONS = YES;
				CLANG_ANALYZER_NONNULL = YES;
				CLANG_ANALYZER_NUMBER_OBJECT_CONVERSION = YES_AGGRESSIVE;
				CLANG_CXX_LANGUAGE_STANDARD = "gnu++17";
				CLANG_ENABLE_MODULES = YES;
				CLANG_ENABLE_OBJC_ARC = YES;
				CLANG_ENABLE_OBJC_WEAK = YES;
				CLANG_WARN_BLOCK_CAPTURE_AUTORELEASING = YES;
				CLANG_WARN_BOOL_CONVERSION = YES;
				CLANG_WARN_COMMA = YES;
				CLANG_WARN_CONSTANT_CONVERSION = YES;
				CLANG_WARN_DEPRECATED_OBJC_IMPLEMENTATIONS = YES;
				CLANG_WARN_DIRECT_OBJC_ISA_USAGE = YES_ERROR;
				CLANG_WARN_DOCUMENTATION_COMMENTS = YES;
				CLANG_WARN_EMPTY_BODY = YES;
				CLANG_WARN_ENUM_CONVERSION = YES;
				CLANG_WARN_INFINITE_RECURSION = YES;
				CLANG_WARN_INT_CONVERSION = YES;
				CLANG_WARN_NON_LITERAL_NULL_CONVERSION = YES;
				CLANG_WARN_OBJC_IMPLICIT_RETAIN_SELF = YES;
				CLANG_WARN_OBJC_LITERAL_CONVERSION = YES;
				CLANG_WARN_OBJC_ROOT_CLASS = YES_ERROR;
				CLANG_WARN_QUOTED_INCLUDE_IN_FRAMEWORK_HEADER = YES;
				CLANG_WARN_RANGE_LOOP_ANALYSIS = YES;
				CLANG_WARN_STRICT_PROTOTYPES = YES;
				CLANG_WARN_SUSPICIOUS_MOVE = YES;
				CLANG_WARN_UNGUARDED_AVAILABILITY = YES_AGGRESSIVE;
				CLANG_WARN_UNREACHABLE_CODE = YES;
				CLANG_WARN__DUPLICATE_METHOD_MATCH = YES;
				COPY_PHASE_STRIP = NO;
				DEBUG_INFORMATION_FORMAT = "dwarf-with-dsym";
				ENABLE_NS_ASSERTIONS = NO;
				ENABLE_STRICT_OBJC_MSGSEND = YES;
				ENABLE_USER_SCRIPT_SANDBOXING = YES;
				GCC_C_LANGUAGE_STANDARD = gnu11;
				GCC_NO_COMMON_BLOCKS = YES;
				GCC_WARN_64_TO_32_BIT_CONVERSION = YES;
				GCC_WARN_ABOUT_RETURN_TYPE = YES_ERROR;
				GCC_WARN_UNDECLARED_SELECTOR = YES;
				GCC_WARN_UNINITIALIZED_AUTOS = YES_AGGRESSIVE;
				GCC_WARN_UNUSED_FUNCTION = YES;
				GCC_WARN_UNUSED_VARIABLE = YES;
				IPHONEOS_DEPLOYMENT_TARGET = 15.5;
				MTL_ENABLE_DEBUG_INFO = NO;
				MTL_FAST_MATH = YES;
				SDKROOT = iphoneos;
				SWIFT_COMPILATION_MODE = wholemodule;
				SWIFT_OPTIMIZATION_LEVEL = "-O";
				VALIDATE_PRODUCT = YES;
			};
			name = Release;
		};
		92F3612228A0D4330076FB89 /* Debug */ = {
			isa = XCBuildConfiguration;
			buildSettings = {
				ASSETCATALOG_COMPILER_APPICON_NAME = AppIcon;
				ASSETCATALOG_COMPILER_GLOBAL_ACCENT_COLOR_NAME = AccentColor;
				ASSETCATALOG_COMPILER_INCLUDE_ALL_APPICON_ASSETS = NO;
				CODE_SIGN_ENTITLEMENTS = Stacks/Stacks.entitlements;
				CODE_SIGN_IDENTITY = "Apple Development";
				CODE_SIGN_STYLE = Automatic;
				CURRENT_PROJECT_VERSION = 1;
				DEVELOPMENT_ASSET_PATHS = "\"Stacks/Preview Content\"";
				DEVELOPMENT_TEAM = PAPG96B6SC;
				ENABLE_PREVIEWS = YES;
				EXCLUDED_ARCHS = "";
				GENERATE_INFOPLIST_FILE = YES;
				INFOPLIST_FILE = Stacks/Info.plist;
				INFOPLIST_KEY_LSApplicationCategoryType = "public.app-category.finance";
				INFOPLIST_KEY_UIApplicationSceneManifest_Generation = YES;
				INFOPLIST_KEY_UIApplicationSupportsIndirectInputEvents = YES;
				INFOPLIST_KEY_UILaunchScreen_Generation = YES;
				INFOPLIST_KEY_UILaunchStoryboardName = LaunchScreen.storyboard;
				INFOPLIST_KEY_UISupportedInterfaceOrientations_iPad = "UIInterfaceOrientationPortrait UIInterfaceOrientationPortraitUpsideDown UIInterfaceOrientationLandscapeLeft UIInterfaceOrientationLandscapeRight";
				INFOPLIST_KEY_UISupportedInterfaceOrientations_iPhone = "UIInterfaceOrientationPortrait UIInterfaceOrientationLandscapeLeft UIInterfaceOrientationLandscapeRight";
				IPHONEOS_DEPLOYMENT_TARGET = 16.0;
				LD_RUNPATH_SEARCH_PATHS = (
					"$(inherited)",
					"@executable_path/Frameworks",
				);
				MARKETING_VERSION = 1.0;
				PRODUCT_BUNDLE_IDENTIFIER = com.zachhof.stacks;
				PRODUCT_NAME = "$(TARGET_NAME)";
				PROVISIONING_PROFILE_SPECIFIER = "";
				SUPPORTS_MACCATALYST = NO;
				SWIFT_EMIT_LOC_STRINGS = YES;
				SWIFT_VERSION = 5.0;
				TARGETED_DEVICE_FAMILY = "1,2";
			};
			name = Debug;
		};
		92F3612328A0D4330076FB89 /* Release */ = {
			isa = XCBuildConfiguration;
			buildSettings = {
				ASSETCATALOG_COMPILER_APPICON_NAME = AppIcon;
				ASSETCATALOG_COMPILER_GLOBAL_ACCENT_COLOR_NAME = AccentColor;
				ASSETCATALOG_COMPILER_INCLUDE_ALL_APPICON_ASSETS = NO;
				CODE_SIGN_ENTITLEMENTS = Stacks/Stacks.entitlements;
				CODE_SIGN_IDENTITY = "Apple Development";
				CODE_SIGN_STYLE = Automatic;
				CURRENT_PROJECT_VERSION = 1;
				DEVELOPMENT_ASSET_PATHS = "\"Stacks/Preview Content\"";
				DEVELOPMENT_TEAM = PAPG96B6SC;
				ENABLE_PREVIEWS = YES;
				EXCLUDED_ARCHS = "";
				GENERATE_INFOPLIST_FILE = YES;
				INFOPLIST_FILE = Stacks/Info.plist;
				INFOPLIST_KEY_LSApplicationCategoryType = "public.app-category.finance";
				INFOPLIST_KEY_UIApplicationSceneManifest_Generation = YES;
				INFOPLIST_KEY_UIApplicationSupportsIndirectInputEvents = YES;
				INFOPLIST_KEY_UILaunchScreen_Generation = YES;
				INFOPLIST_KEY_UILaunchStoryboardName = LaunchScreen.storyboard;
				INFOPLIST_KEY_UISupportedInterfaceOrientations_iPad = "UIInterfaceOrientationPortrait UIInterfaceOrientationPortraitUpsideDown UIInterfaceOrientationLandscapeLeft UIInterfaceOrientationLandscapeRight";
				INFOPLIST_KEY_UISupportedInterfaceOrientations_iPhone = "UIInterfaceOrientationPortrait UIInterfaceOrientationLandscapeLeft UIInterfaceOrientationLandscapeRight";
				IPHONEOS_DEPLOYMENT_TARGET = 16.0;
				LD_RUNPATH_SEARCH_PATHS = (
					"$(inherited)",
					"@executable_path/Frameworks",
				);
				MARKETING_VERSION = 1.0;
				PRODUCT_BUNDLE_IDENTIFIER = com.zachhof.stacks;
				PRODUCT_NAME = "$(TARGET_NAME)";
				PROVISIONING_PROFILE_SPECIFIER = "";
				SUPPORTS_MACCATALYST = NO;
				SWIFT_EMIT_LOC_STRINGS = YES;
				SWIFT_VERSION = 5.0;
				TARGETED_DEVICE_FAMILY = "1,2";
			};
			name = Release;
		};
		92F3612528A0D4330076FB89 /* Debug */ = {
			isa = XCBuildConfiguration;
			buildSettings = {
				BUNDLE_LOADER = "$(TEST_HOST)";
				CODE_SIGN_STYLE = Automatic;
				CURRENT_PROJECT_VERSION = 1;
				DEVELOPMENT_TEAM = PAPG96B6SC;
				GENERATE_INFOPLIST_FILE = YES;
				IPHONEOS_DEPLOYMENT_TARGET = 15.5;
				MARKETING_VERSION = 1.0;
				PRODUCT_BUNDLE_IDENTIFIER = com.zachhof.StacksTests;
				PRODUCT_NAME = "$(TARGET_NAME)";
				SWIFT_EMIT_LOC_STRINGS = NO;
				SWIFT_VERSION = 5.0;
				TARGETED_DEVICE_FAMILY = "1,2";
				TEST_HOST = "$(BUILT_PRODUCTS_DIR)/Stacks.app/Stacks";
			};
			name = Debug;
		};
		92F3612628A0D4330076FB89 /* Release */ = {
			isa = XCBuildConfiguration;
			buildSettings = {
				BUNDLE_LOADER = "$(TEST_HOST)";
				CODE_SIGN_STYLE = Automatic;
				CURRENT_PROJECT_VERSION = 1;
				DEVELOPMENT_TEAM = PAPG96B6SC;
				GENERATE_INFOPLIST_FILE = YES;
				IPHONEOS_DEPLOYMENT_TARGET = 15.5;
				MARKETING_VERSION = 1.0;
				PRODUCT_BUNDLE_IDENTIFIER = com.zachhof.StacksTests;
				PRODUCT_NAME = "$(TARGET_NAME)";
				SWIFT_EMIT_LOC_STRINGS = NO;
				SWIFT_VERSION = 5.0;
				TARGETED_DEVICE_FAMILY = "1,2";
				TEST_HOST = "$(BUILT_PRODUCTS_DIR)/Stacks.app/Stacks";
			};
			name = Release;
		};
		92F3612828A0D4330076FB89 /* Debug */ = {
			isa = XCBuildConfiguration;
			buildSettings = {
				CODE_SIGN_STYLE = Automatic;
				CURRENT_PROJECT_VERSION = 1;
				DEVELOPMENT_TEAM = PAPG96B6SC;
				GENERATE_INFOPLIST_FILE = YES;
				MARKETING_VERSION = 1.0;
				PRODUCT_BUNDLE_IDENTIFIER = com.zachhof.StacksUITests;
				PRODUCT_NAME = "$(TARGET_NAME)";
				SWIFT_EMIT_LOC_STRINGS = NO;
				SWIFT_VERSION = 5.0;
				TARGETED_DEVICE_FAMILY = "1,2";
				TEST_TARGET_NAME = Stacks;
			};
			name = Debug;
		};
		92F3612928A0D4330076FB89 /* Release */ = {
			isa = XCBuildConfiguration;
			buildSettings = {
				CODE_SIGN_STYLE = Automatic;
				CURRENT_PROJECT_VERSION = 1;
				DEVELOPMENT_TEAM = PAPG96B6SC;
				GENERATE_INFOPLIST_FILE = YES;
				MARKETING_VERSION = 1.0;
				PRODUCT_BUNDLE_IDENTIFIER = com.zachhof.StacksUITests;
				PRODUCT_NAME = "$(TARGET_NAME)";
				SWIFT_EMIT_LOC_STRINGS = NO;
				SWIFT_VERSION = 5.0;
				TARGETED_DEVICE_FAMILY = "1,2";
				TEST_TARGET_NAME = Stacks;
			};
			name = Release;
		};
/* End XCBuildConfiguration section */

/* Begin XCConfigurationList section */
		92F360F828A0D42E0076FB89 /* Build configuration list for PBXProject "Stacks" */ = {
			isa = XCConfigurationList;
			buildConfigurations = (
				92F3611F28A0D4330076FB89 /* Debug */,
				92F3612028A0D4330076FB89 /* Release */,
			);
			defaultConfigurationIsVisible = 0;
			defaultConfigurationName = Release;
		};
		92F3612128A0D4330076FB89 /* Build configuration list for PBXNativeTarget "Stacks" */ = {
			isa = XCConfigurationList;
			buildConfigurations = (
				92F3612228A0D4330076FB89 /* Debug */,
				92F3612328A0D4330076FB89 /* Release */,
			);
			defaultConfigurationIsVisible = 0;
			defaultConfigurationName = Release;
		};
		92F3612428A0D4330076FB89 /* Build configuration list for PBXNativeTarget "StacksTests" */ = {
			isa = XCConfigurationList;
			buildConfigurations = (
				92F3612528A0D4330076FB89 /* Debug */,
				92F3612628A0D4330076FB89 /* Release */,
			);
			defaultConfigurationIsVisible = 0;
			defaultConfigurationName = Release;
		};
		92F3612728A0D4330076FB89 /* Build configuration list for PBXNativeTarget "StacksUITests" */ = {
			isa = XCConfigurationList;
			buildConfigurations = (
				92F3612828A0D4330076FB89 /* Debug */,
				92F3612928A0D4330076FB89 /* Release */,
			);
			defaultConfigurationIsVisible = 0;
			defaultConfigurationName = Release;
		};
/* End XCConfigurationList section */

/* Begin XCRemoteSwiftPackageReference section */
		922F620928A971CC0078D87A /* XCRemoteSwiftPackageReference "SymbolPicker" */ = {
			isa = XCRemoteSwiftPackageReference;
			repositoryURL = "https://github.com/xnth97/SymbolPicker.git";
			requirement = {
				kind = upToNextMajorVersion;
				minimumVersion = 1.0.0;
			};
		};
/* End XCRemoteSwiftPackageReference section */

/* Begin XCSwiftPackageProductDependency section */
		922F620A28A971CC0078D87A /* SymbolPicker */ = {
			isa = XCSwiftPackageProductDependency;
			package = 922F620928A971CC0078D87A /* XCRemoteSwiftPackageReference "SymbolPicker" */;
			productName = SymbolPicker;
		};
/* End XCSwiftPackageProductDependency section */
	};
	rootObject = 92F360F528A0D42E0076FB89 /* Project object */;
}
